# THIS IS AN AUTOGENERATED FILE. DO NOT EDIT THIS FILE DIRECTLY.
# yarn lockfile v1


rt-define-stroke-width@^1.0.1:
  version "1.0.4"
  resolved "https://registry.yarnpkg.com/rt-define-stroke-width/-/rt-define-stroke-width-1.0.4.tgz#a49119f71669b8be7367aadee26e82b8350c07bf"
  integrity sha512-vBvFFcKjaaSAe8q4uA0L6tIUbimQ63apVcilMRShvyqz7pV4oapiSxT5/QJMi88cL4L9rSG/EIrRDbVSPPUSGw==
  dependencies:
    tslib "^2.3.0"

rt-platform@^0.0.3:
  version "0.0.3"
  resolved "https://registry.yarnpkg.com/rt-platform/-/rt-platform-0.0.3.tgz#6b6e0e1db1fa225695e212d41568e3a4d7946ef7"
  integrity sha512-ySgL8RcPJaADjWhfdtyHoC+r5sDRgvJhLq+/nKZs1A79fDIZlyuFuILWYfD6apI322YJQESA6WKpQwRQ+q7EoQ==
  dependencies:
    tslib "^2.3.0"

tslib@^2.3.0:
  version "2.5.3"
  resolved "https://registry.yarnpkg.com/tslib/-/tslib-2.5.3.tgz#24944ba2d990940e6e982c4bea147aba80209913"
  integrity sha512-mSxlJJwl3BMEQCUNnxXBU9jP4JBktcEGhURcPR6VQVlnP0FdDEsIaz0C35dXNGLyRfrATNofF0F5p2KPxQgB+w==
