# THIS IS AN AUTOGENERATED FILE. DO NOT EDIT THIS FILE DIRECTLY.
# yarn lockfile v1


"@angular/material@^16.1.1":
  version "16.1.1"
  resolved "https://registry.npmjs.org/@angular/material/-/material-16.1.1.tgz"
  integrity sha512-fVFsxYdCQ9PtDR2Cx6q7XqRFnMKz/OGUaC0pPa/RVuBnUbC+GaapDHd4Suy8NF/skX/xl46rZVEKrRumaWM8FA==
  dependencies:
    "@material/animation" "15.0.0-canary.90291f2e2.0"
    "@material/auto-init" "15.0.0-canary.90291f2e2.0"
    "@material/banner" "15.0.0-canary.90291f2e2.0"
    "@material/base" "15.0.0-canary.90291f2e2.0"
    "@material/button" "15.0.0-canary.90291f2e2.0"
    "@material/card" "15.0.0-canary.90291f2e2.0"
    "@material/checkbox" "15.0.0-canary.90291f2e2.0"
    "@material/chips" "15.0.0-canary.90291f2e2.0"
    "@material/circular-progress" "15.0.0-canary.90291f2e2.0"
    "@material/data-table" "15.0.0-canary.90291f2e2.0"
    "@material/density" "15.0.0-canary.90291f2e2.0"
    "@material/dialog" "15.0.0-canary.90291f2e2.0"
    "@material/dom" "15.0.0-canary.90291f2e2.0"
    "@material/drawer" "15.0.0-canary.90291f2e2.0"
    "@material/elevation" "15.0.0-canary.90291f2e2.0"
    "@material/fab" "15.0.0-canary.90291f2e2.0"
    "@material/feature-targeting" "15.0.0-canary.90291f2e2.0"
    "@material/floating-label" "15.0.0-canary.90291f2e2.0"
    "@material/form-field" "15.0.0-canary.90291f2e2.0"
    "@material/icon-button" "15.0.0-canary.90291f2e2.0"
    "@material/image-list" "15.0.0-canary.90291f2e2.0"
    "@material/layout-grid" "15.0.0-canary.90291f2e2.0"
    "@material/line-ripple" "15.0.0-canary.90291f2e2.0"
    "@material/linear-progress" "15.0.0-canary.90291f2e2.0"
    "@material/list" "15.0.0-canary.90291f2e2.0"
    "@material/menu" "15.0.0-canary.90291f2e2.0"
    "@material/menu-surface" "15.0.0-canary.90291f2e2.0"
    "@material/notched-outline" "15.0.0-canary.90291f2e2.0"
    "@material/radio" "15.0.0-canary.90291f2e2.0"
    "@material/ripple" "15.0.0-canary.90291f2e2.0"
    "@material/rtl" "15.0.0-canary.90291f2e2.0"
    "@material/segmented-button" "15.0.0-canary.90291f2e2.0"
    "@material/select" "15.0.0-canary.90291f2e2.0"
    "@material/shape" "15.0.0-canary.90291f2e2.0"
    "@material/slider" "15.0.0-canary.90291f2e2.0"
    "@material/snackbar" "15.0.0-canary.90291f2e2.0"
    "@material/switch" "15.0.0-canary.90291f2e2.0"
    "@material/tab" "15.0.0-canary.90291f2e2.0"
    "@material/tab-bar" "15.0.0-canary.90291f2e2.0"
    "@material/tab-indicator" "15.0.0-canary.90291f2e2.0"
    "@material/tab-scroller" "15.0.0-canary.90291f2e2.0"
    "@material/textfield" "15.0.0-canary.90291f2e2.0"
    "@material/theme" "15.0.0-canary.90291f2e2.0"
    "@material/tooltip" "15.0.0-canary.90291f2e2.0"
    "@material/top-app-bar" "15.0.0-canary.90291f2e2.0"
    "@material/touch-target" "15.0.0-canary.90291f2e2.0"
    "@material/typography" "15.0.0-canary.90291f2e2.0"
    tslib "^2.3.0"

"@material/animation@15.0.0-canary.90291f2e2.0":
  version "15.0.0-canary.90291f2e2.0"
  resolved "https://registry.npmjs.org/@material/animation/-/animation-15.0.0-canary.90291f2e2.0.tgz"
  integrity sha512-tr1y4KYZ2Ml9lFU9b91r5jivDCbh0N3Zv6VFe0frphztlZO5Lqx7MCxsliQ7NwQjqpXg3MkD6ZusVNvnMyo+LA==
  dependencies:
    tslib "^2.1.0"

"@material/auto-init@15.0.0-canary.90291f2e2.0":
  version "15.0.0-canary.90291f2e2.0"
  resolved "https://registry.npmjs.org/@material/auto-init/-/auto-init-15.0.0-canary.90291f2e2.0.tgz"
  integrity sha512-ZslBlje2LajaL5d7JCxUoWCKOBOsZYT33CamqPoDeY0Cjl77t3O+8B9YPHF8libytI8j9lrrDrTItQr53PHeHw==
  dependencies:
    "@material/base" "15.0.0-canary.90291f2e2.0"
    tslib "^2.1.0"

"@material/banner@15.0.0-canary.90291f2e2.0":
  version "15.0.0-canary.90291f2e2.0"
  resolved "https://registry.npmjs.org/@material/banner/-/banner-15.0.0-canary.90291f2e2.0.tgz"
  integrity sha512-mVtGop9rBXRD6UYkMD7y+OJwd3MA73w7BJ/oJIKFij2q2fn/5hZba6vQ6d6YGUGv+iJPP/S/HaiMQuRE5yyoqA==
  dependencies:
    "@material/base" "15.0.0-canary.90291f2e2.0"
    "@material/button" "15.0.0-canary.90291f2e2.0"
    "@material/dom" "15.0.0-canary.90291f2e2.0"
    "@material/elevation" "15.0.0-canary.90291f2e2.0"
    "@material/feature-targeting" "15.0.0-canary.90291f2e2.0"
    "@material/ripple" "15.0.0-canary.90291f2e2.0"
    "@material/rtl" "15.0.0-canary.90291f2e2.0"
    "@material/shape" "15.0.0-canary.90291f2e2.0"
    "@material/theme" "15.0.0-canary.90291f2e2.0"
    "@material/tokens" "15.0.0-canary.90291f2e2.0"
    "@material/typography" "15.0.0-canary.90291f2e2.0"
    tslib "^2.1.0"

"@material/base@15.0.0-canary.90291f2e2.0":
  version "15.0.0-canary.90291f2e2.0"
  resolved "https://registry.npmjs.org/@material/base/-/base-15.0.0-canary.90291f2e2.0.tgz"
  integrity sha512-DNelmohDScmGvWWS/J05dkIJb/dKOVkA6s0URgPrnTFKXNSavPsmwj7hWzYB5kusz3ZrXJBYBJsE6VqkRRXl0w==
  dependencies:
    tslib "^2.1.0"

"@material/button@15.0.0-canary.90291f2e2.0":
  version "15.0.0-canary.90291f2e2.0"
  resolved "https://registry.npmjs.org/@material/button/-/button-15.0.0-canary.90291f2e2.0.tgz"
  integrity sha512-m3YqCh33kcPGYehCKviDy7RxQIEM2m8Exo6AswPPsxd95jSN3rAeF+pXopoXW5QTOqyKHqHymTKTRYYvwvZHYg==
  dependencies:
    "@material/density" "15.0.0-canary.90291f2e2.0"
    "@material/dom" "15.0.0-canary.90291f2e2.0"
    "@material/elevation" "15.0.0-canary.90291f2e2.0"
    "@material/feature-targeting" "15.0.0-canary.90291f2e2.0"
    "@material/focus-ring" "15.0.0-canary.90291f2e2.0"
    "@material/ripple" "15.0.0-canary.90291f2e2.0"
    "@material/rtl" "15.0.0-canary.90291f2e2.0"
    "@material/shape" "15.0.0-canary.90291f2e2.0"
    "@material/theme" "15.0.0-canary.90291f2e2.0"
    "@material/tokens" "15.0.0-canary.90291f2e2.0"
    "@material/touch-target" "15.0.0-canary.90291f2e2.0"
    "@material/typography" "15.0.0-canary.90291f2e2.0"
    tslib "^2.1.0"

"@material/card@15.0.0-canary.90291f2e2.0":
  version "15.0.0-canary.90291f2e2.0"
  resolved "https://registry.npmjs.org/@material/card/-/card-15.0.0-canary.90291f2e2.0.tgz"
  integrity sha512-8Z8KQDmEIwt5IK0n+9C9Be9p4mWLKBXILbH+c6XcMCTemmUxH6cTTax1MwuAmqBGuIq3WE3g7qDpdzjFLTC2kw==
  dependencies:
    "@material/dom" "15.0.0-canary.90291f2e2.0"
    "@material/elevation" "15.0.0-canary.90291f2e2.0"
    "@material/feature-targeting" "15.0.0-canary.90291f2e2.0"
    "@material/ripple" "15.0.0-canary.90291f2e2.0"
    "@material/rtl" "15.0.0-canary.90291f2e2.0"
    "@material/shape" "15.0.0-canary.90291f2e2.0"
    "@material/theme" "15.0.0-canary.90291f2e2.0"
    "@material/tokens" "15.0.0-canary.90291f2e2.0"
    tslib "^2.1.0"

"@material/checkbox@15.0.0-canary.90291f2e2.0":
  version "15.0.0-canary.90291f2e2.0"
  resolved "https://registry.npmjs.org/@material/checkbox/-/checkbox-15.0.0-canary.90291f2e2.0.tgz"
  integrity sha512-hCilHX0vLedMgeRSOskf+JjdfLIUvEg597LEkTJHnTtJkhwypvol8OwP3eqz3TyJ3qGimIi/sFPKdMBn1Uk4AQ==
  dependencies:
    "@material/animation" "15.0.0-canary.90291f2e2.0"
    "@material/base" "15.0.0-canary.90291f2e2.0"
    "@material/density" "15.0.0-canary.90291f2e2.0"
    "@material/dom" "15.0.0-canary.90291f2e2.0"
    "@material/feature-targeting" "15.0.0-canary.90291f2e2.0"
    "@material/focus-ring" "15.0.0-canary.90291f2e2.0"
    "@material/ripple" "15.0.0-canary.90291f2e2.0"
    "@material/rtl" "15.0.0-canary.90291f2e2.0"
    "@material/theme" "15.0.0-canary.90291f2e2.0"
    "@material/touch-target" "15.0.0-canary.90291f2e2.0"
    tslib "^2.1.0"

"@material/chips@15.0.0-canary.90291f2e2.0":
  version "15.0.0-canary.90291f2e2.0"
  resolved "https://registry.npmjs.org/@material/chips/-/chips-15.0.0-canary.90291f2e2.0.tgz"
  integrity sha512-TMtlzuadWP/YMRYg8mpqmaD9M9GzRL5ulHHgYO5F4kaZmI3L+3zvaPvUme/x5qwPkIJUO9S21NxxGAsp9X+ZJQ==
  dependencies:
    "@material/animation" "15.0.0-canary.90291f2e2.0"
    "@material/base" "15.0.0-canary.90291f2e2.0"
    "@material/checkbox" "15.0.0-canary.90291f2e2.0"
    "@material/density" "15.0.0-canary.90291f2e2.0"
    "@material/dom" "15.0.0-canary.90291f2e2.0"
    "@material/elevation" "15.0.0-canary.90291f2e2.0"
    "@material/feature-targeting" "15.0.0-canary.90291f2e2.0"
    "@material/focus-ring" "15.0.0-canary.90291f2e2.0"
    "@material/ripple" "15.0.0-canary.90291f2e2.0"
    "@material/rtl" "15.0.0-canary.90291f2e2.0"
    "@material/shape" "15.0.0-canary.90291f2e2.0"
    "@material/theme" "15.0.0-canary.90291f2e2.0"
    "@material/tokens" "15.0.0-canary.90291f2e2.0"
    "@material/touch-target" "15.0.0-canary.90291f2e2.0"
    "@material/typography" "15.0.0-canary.90291f2e2.0"
    safevalues "^0.3.4"
    tslib "^2.1.0"

"@material/circular-progress@15.0.0-canary.90291f2e2.0":
  version "15.0.0-canary.90291f2e2.0"
  resolved "https://registry.npmjs.org/@material/circular-progress/-/circular-progress-15.0.0-canary.90291f2e2.0.tgz"
  integrity sha512-znCz3cXC8rmC+1k1ZEeZNOhngm7O7kVG2PoANaE79NN9taDtCTyBGGeocJ4Kza3tb01vxJ2/tuQXC39GNFkHFg==
  dependencies:
    "@material/animation" "15.0.0-canary.90291f2e2.0"
    "@material/base" "15.0.0-canary.90291f2e2.0"
    "@material/dom" "15.0.0-canary.90291f2e2.0"
    "@material/feature-targeting" "15.0.0-canary.90291f2e2.0"
    "@material/progress-indicator" "15.0.0-canary.90291f2e2.0"
    "@material/rtl" "15.0.0-canary.90291f2e2.0"
    "@material/theme" "15.0.0-canary.90291f2e2.0"
    tslib "^2.1.0"

"@material/data-table@15.0.0-canary.90291f2e2.0":
  version "15.0.0-canary.90291f2e2.0"
  resolved "https://registry.npmjs.org/@material/data-table/-/data-table-15.0.0-canary.90291f2e2.0.tgz"
  integrity sha512-9YU6KkOeKs2ARPXZdg7Cv6nPwLkEyBIN331ZB92apcbQpTMJMhR3uuW8SSw4p7aXCE6CJjREsCc0KuYAnFSa2A==
  dependencies:
    "@material/animation" "15.0.0-canary.90291f2e2.0"
    "@material/base" "15.0.0-canary.90291f2e2.0"
    "@material/checkbox" "15.0.0-canary.90291f2e2.0"
    "@material/density" "15.0.0-canary.90291f2e2.0"
    "@material/dom" "15.0.0-canary.90291f2e2.0"
    "@material/elevation" "15.0.0-canary.90291f2e2.0"
    "@material/feature-targeting" "15.0.0-canary.90291f2e2.0"
    "@material/icon-button" "15.0.0-canary.90291f2e2.0"
    "@material/linear-progress" "15.0.0-canary.90291f2e2.0"
    "@material/list" "15.0.0-canary.90291f2e2.0"
    "@material/menu" "15.0.0-canary.90291f2e2.0"
    "@material/rtl" "15.0.0-canary.90291f2e2.0"
    "@material/select" "15.0.0-canary.90291f2e2.0"
    "@material/shape" "15.0.0-canary.90291f2e2.0"
    "@material/theme" "15.0.0-canary.90291f2e2.0"
    "@material/tokens" "15.0.0-canary.90291f2e2.0"
    "@material/touch-target" "15.0.0-canary.90291f2e2.0"
    "@material/typography" "15.0.0-canary.90291f2e2.0"
    tslib "^2.1.0"

"@material/density@15.0.0-canary.90291f2e2.0":
  version "15.0.0-canary.90291f2e2.0"
  resolved "https://registry.npmjs.org/@material/density/-/density-15.0.0-canary.90291f2e2.0.tgz"
  integrity sha512-z2L49vc5tbIGe7tUHwbmzoPvOugsTNVP24WWwBwtg9PRuK4Td5HIsMGYqSzSuwFJvDWQK9Ugvl37jGZSv4vxog==
  dependencies:
    tslib "^2.1.0"

"@material/dialog@15.0.0-canary.90291f2e2.0":
  version "15.0.0-canary.90291f2e2.0"
  resolved "https://registry.npmjs.org/@material/dialog/-/dialog-15.0.0-canary.90291f2e2.0.tgz"
  integrity sha512-n0o4MELpVqJHbJDPBYeXf3xeL9a8hbzHmfXYLDI1MUhDIr4xgSkckKdCRc2IFda/g7kxjAgcUTga9EFWqns2qA==
  dependencies:
    "@material/animation" "15.0.0-canary.90291f2e2.0"
    "@material/base" "15.0.0-canary.90291f2e2.0"
    "@material/button" "15.0.0-canary.90291f2e2.0"
    "@material/dom" "15.0.0-canary.90291f2e2.0"
    "@material/elevation" "15.0.0-canary.90291f2e2.0"
    "@material/feature-targeting" "15.0.0-canary.90291f2e2.0"
    "@material/icon-button" "15.0.0-canary.90291f2e2.0"
    "@material/ripple" "15.0.0-canary.90291f2e2.0"
    "@material/rtl" "15.0.0-canary.90291f2e2.0"
    "@material/shape" "15.0.0-canary.90291f2e2.0"
    "@material/theme" "15.0.0-canary.90291f2e2.0"
    "@material/tokens" "15.0.0-canary.90291f2e2.0"
    "@material/touch-target" "15.0.0-canary.90291f2e2.0"
    "@material/typography" "15.0.0-canary.90291f2e2.0"
    tslib "^2.1.0"

"@material/dom@15.0.0-canary.90291f2e2.0":
  version "15.0.0-canary.90291f2e2.0"
  resolved "https://registry.npmjs.org/@material/dom/-/dom-15.0.0-canary.90291f2e2.0.tgz"
  integrity sha512-90JKk/Ncnqn2dKopNxs1uruiiQZzgLTZQF3a8jxa/w3RQd3Ac9ET1KqmaJSfzXaxgebm+1RZfL9lL+ANEfLWwQ==
  dependencies:
    "@material/feature-targeting" "15.0.0-canary.90291f2e2.0"
    "@material/rtl" "15.0.0-canary.90291f2e2.0"
    tslib "^2.1.0"

"@material/drawer@15.0.0-canary.90291f2e2.0":
  version "15.0.0-canary.90291f2e2.0"
  resolved "https://registry.npmjs.org/@material/drawer/-/drawer-15.0.0-canary.90291f2e2.0.tgz"
  integrity sha512-7MJbjUxqpQG9J52xWGVKRhSI/0/7Uhf7l2P9VI2WFb5Fz0IeUupXlw2k1Ktb97nxSjMe9OazjtVUgzBNwOad/Q==
  dependencies:
    "@material/animation" "15.0.0-canary.90291f2e2.0"
    "@material/base" "15.0.0-canary.90291f2e2.0"
    "@material/dom" "15.0.0-canary.90291f2e2.0"
    "@material/elevation" "15.0.0-canary.90291f2e2.0"
    "@material/feature-targeting" "15.0.0-canary.90291f2e2.0"
    "@material/list" "15.0.0-canary.90291f2e2.0"
    "@material/ripple" "15.0.0-canary.90291f2e2.0"
    "@material/rtl" "15.0.0-canary.90291f2e2.0"
    "@material/shape" "15.0.0-canary.90291f2e2.0"
    "@material/theme" "15.0.0-canary.90291f2e2.0"
    "@material/typography" "15.0.0-canary.90291f2e2.0"
    tslib "^2.1.0"

"@material/elevation@15.0.0-canary.90291f2e2.0":
  version "15.0.0-canary.90291f2e2.0"
  resolved "https://registry.npmjs.org/@material/elevation/-/elevation-15.0.0-canary.90291f2e2.0.tgz"
  integrity sha512-4eYbCDc6IfgfguNmRc5GT4QMCfOEwj+K3BAraABcbpuCzEQ5nCClsVrPbRLfPnhWbQrFc2/eBglB8wsrNTjVBw==
  dependencies:
    "@material/animation" "15.0.0-canary.90291f2e2.0"
    "@material/base" "15.0.0-canary.90291f2e2.0"
    "@material/feature-targeting" "15.0.0-canary.90291f2e2.0"
    "@material/rtl" "15.0.0-canary.90291f2e2.0"
    "@material/theme" "15.0.0-canary.90291f2e2.0"
    tslib "^2.1.0"

"@material/fab@15.0.0-canary.90291f2e2.0":
  version "15.0.0-canary.90291f2e2.0"
  resolved "https://registry.npmjs.org/@material/fab/-/fab-15.0.0-canary.90291f2e2.0.tgz"
  integrity sha512-YJuJRdqe57DnJ4qyc04flknuGeN+7Nc9ciFZE6snPn84wD6J1khscb21yRARbALDki18kbfnJNrNbzHkYaEMZg==
  dependencies:
    "@material/animation" "15.0.0-canary.90291f2e2.0"
    "@material/dom" "15.0.0-canary.90291f2e2.0"
    "@material/elevation" "15.0.0-canary.90291f2e2.0"
    "@material/feature-targeting" "15.0.0-canary.90291f2e2.0"
    "@material/focus-ring" "15.0.0-canary.90291f2e2.0"
    "@material/ripple" "15.0.0-canary.90291f2e2.0"
    "@material/rtl" "15.0.0-canary.90291f2e2.0"
    "@material/shape" "15.0.0-canary.90291f2e2.0"
    "@material/theme" "15.0.0-canary.90291f2e2.0"
    "@material/tokens" "15.0.0-canary.90291f2e2.0"
    "@material/touch-target" "15.0.0-canary.90291f2e2.0"
    "@material/typography" "15.0.0-canary.90291f2e2.0"
    tslib "^2.1.0"

"@material/feature-targeting@15.0.0-canary.90291f2e2.0":
  version "15.0.0-canary.90291f2e2.0"
  resolved "https://registry.npmjs.org/@material/feature-targeting/-/feature-targeting-15.0.0-canary.90291f2e2.0.tgz"
  integrity sha512-mjUemPnMLXPooDcPHxxc2uhVUzm7X3NDsE0x0QJnsHDwuejakaRLghVcRDX3x1VmL/p52Eu5HrgW2FryFEiVhQ==
  dependencies:
    tslib "^2.1.0"

"@material/floating-label@15.0.0-canary.90291f2e2.0":
  version "15.0.0-canary.90291f2e2.0"
  resolved "https://registry.npmjs.org/@material/floating-label/-/floating-label-15.0.0-canary.90291f2e2.0.tgz"
  integrity sha512-dYtgNlXkO0H9Vn76oESZZg1KOa2XIOLhVxhV/qPYrhntET534i7TyajmVk54ncuSSoLPZrbrwrhhR2fUJWxZIg==
  dependencies:
    "@material/animation" "15.0.0-canary.90291f2e2.0"
    "@material/base" "15.0.0-canary.90291f2e2.0"
    "@material/dom" "15.0.0-canary.90291f2e2.0"
    "@material/feature-targeting" "15.0.0-canary.90291f2e2.0"
    "@material/rtl" "15.0.0-canary.90291f2e2.0"
    "@material/theme" "15.0.0-canary.90291f2e2.0"
    "@material/typography" "15.0.0-canary.90291f2e2.0"
    tslib "^2.1.0"

"@material/focus-ring@15.0.0-canary.90291f2e2.0":
  version "15.0.0-canary.90291f2e2.0"
  resolved "https://registry.npmjs.org/@material/focus-ring/-/focus-ring-15.0.0-canary.90291f2e2.0.tgz"
  integrity sha512-U7ERDgHi33ZRmqsiO6syFaWsCUGneltX2sYVtLpQnxME7pKFzi22GdUUIslhgHOFjSMBFF9av2Y79VFbyj9BaQ==
  dependencies:
    "@material/dom" "15.0.0-canary.90291f2e2.0"
    "@material/feature-targeting" "15.0.0-canary.90291f2e2.0"
    "@material/rtl" "15.0.0-canary.90291f2e2.0"

"@material/form-field@15.0.0-canary.90291f2e2.0":
  version "15.0.0-canary.90291f2e2.0"
  resolved "https://registry.npmjs.org/@material/form-field/-/form-field-15.0.0-canary.90291f2e2.0.tgz"
  integrity sha512-KTj+EOobLcPUYy4nR+t0c2Cjvs7jCI4F1w8XuV0bbmSa6Sxh02tMKY2Xa7Lx55A/uUrsUfViMdP60OLzi7HgjQ==
  dependencies:
    "@material/base" "15.0.0-canary.90291f2e2.0"
    "@material/feature-targeting" "15.0.0-canary.90291f2e2.0"
    "@material/ripple" "15.0.0-canary.90291f2e2.0"
    "@material/rtl" "15.0.0-canary.90291f2e2.0"
    "@material/theme" "15.0.0-canary.90291f2e2.0"
    "@material/typography" "15.0.0-canary.90291f2e2.0"
    tslib "^2.1.0"

"@material/icon-button@15.0.0-canary.90291f2e2.0":
  version "15.0.0-canary.90291f2e2.0"
  resolved "https://registry.npmjs.org/@material/icon-button/-/icon-button-15.0.0-canary.90291f2e2.0.tgz"
  integrity sha512-bpqiVPkf/LJEP7iIV5VL9Th0chCIQKTeOuw0mK8HmYucuvqq+k76oPsUcE7mvxRvuKyVh6KJ9fTHAkjse0y7cg==
  dependencies:
    "@material/base" "15.0.0-canary.90291f2e2.0"
    "@material/density" "15.0.0-canary.90291f2e2.0"
    "@material/dom" "15.0.0-canary.90291f2e2.0"
    "@material/elevation" "15.0.0-canary.90291f2e2.0"
    "@material/feature-targeting" "15.0.0-canary.90291f2e2.0"
    "@material/focus-ring" "15.0.0-canary.90291f2e2.0"
    "@material/ripple" "15.0.0-canary.90291f2e2.0"
    "@material/rtl" "15.0.0-canary.90291f2e2.0"
    "@material/theme" "15.0.0-canary.90291f2e2.0"
    "@material/touch-target" "15.0.0-canary.90291f2e2.0"
    tslib "^2.1.0"

"@material/image-list@15.0.0-canary.90291f2e2.0":
  version "15.0.0-canary.90291f2e2.0"
  resolved "https://registry.npmjs.org/@material/image-list/-/image-list-15.0.0-canary.90291f2e2.0.tgz"
  integrity sha512-JobM4lWsf9grgbqrLuUtJ5fr8BkG02r9c2oFMl5++dtjtLdXWnUIWbiofna8CeqDFQCKXsCk4Jw8ydSKZvj/3A==
  dependencies:
    "@material/feature-targeting" "15.0.0-canary.90291f2e2.0"
    "@material/shape" "15.0.0-canary.90291f2e2.0"
    "@material/theme" "15.0.0-canary.90291f2e2.0"
    "@material/typography" "15.0.0-canary.90291f2e2.0"
    tslib "^2.1.0"

"@material/layout-grid@15.0.0-canary.90291f2e2.0":
  version "15.0.0-canary.90291f2e2.0"
  resolved "https://registry.npmjs.org/@material/layout-grid/-/layout-grid-15.0.0-canary.90291f2e2.0.tgz"
  integrity sha512-f5DSHGf1ka6vHu+8VoTvcU9NkR8fdN2wHmPnITZHQXPVvR6SKoyDzdAf2gacmiTYy69ZFmmJeMcdfNnbcPPUJw==
  dependencies:
    tslib "^2.1.0"

"@material/line-ripple@15.0.0-canary.90291f2e2.0":
  version "15.0.0-canary.90291f2e2.0"
  resolved "https://registry.npmjs.org/@material/line-ripple/-/line-ripple-15.0.0-canary.90291f2e2.0.tgz"
  integrity sha512-cWpS7l/pFg6cUzL7Lx3ywF6RYF6ESYPkiGlDo9kFERv8lVA2/3m4NF4d9b4kC9h9OWx1b1CaUFRFGD07okgI+g==
  dependencies:
    "@material/animation" "15.0.0-canary.90291f2e2.0"
    "@material/base" "15.0.0-canary.90291f2e2.0"
    "@material/feature-targeting" "15.0.0-canary.90291f2e2.0"
    "@material/theme" "15.0.0-canary.90291f2e2.0"
    tslib "^2.1.0"

"@material/linear-progress@15.0.0-canary.90291f2e2.0":
  version "15.0.0-canary.90291f2e2.0"
  resolved "https://registry.npmjs.org/@material/linear-progress/-/linear-progress-15.0.0-canary.90291f2e2.0.tgz"
  integrity sha512-nK5RYn8NFZi/+fznLYoEdY6tSzXiJqOU0tX5by7hStURhP2g/RM5SQaJwyjEmHdorfCUIStgmKsN4rB5aMnxdw==
  dependencies:
    "@material/animation" "15.0.0-canary.90291f2e2.0"
    "@material/base" "15.0.0-canary.90291f2e2.0"
    "@material/dom" "15.0.0-canary.90291f2e2.0"
    "@material/feature-targeting" "15.0.0-canary.90291f2e2.0"
    "@material/progress-indicator" "15.0.0-canary.90291f2e2.0"
    "@material/rtl" "15.0.0-canary.90291f2e2.0"
    "@material/theme" "15.0.0-canary.90291f2e2.0"
    tslib "^2.1.0"

"@material/list@15.0.0-canary.90291f2e2.0":
  version "15.0.0-canary.90291f2e2.0"
  resolved "https://registry.npmjs.org/@material/list/-/list-15.0.0-canary.90291f2e2.0.tgz"
  integrity sha512-h2c6G5aPH1bhgl2yBYAW4y86pl+yVl3YdqU0ixemQ5/2uB/t92imUbI+gKH5LzlbuJKenk3rZJ5eaV+t5zTS1A==
  dependencies:
    "@material/base" "15.0.0-canary.90291f2e2.0"
    "@material/density" "15.0.0-canary.90291f2e2.0"
    "@material/dom" "15.0.0-canary.90291f2e2.0"
    "@material/feature-targeting" "15.0.0-canary.90291f2e2.0"
    "@material/ripple" "15.0.0-canary.90291f2e2.0"
    "@material/rtl" "15.0.0-canary.90291f2e2.0"
    "@material/shape" "15.0.0-canary.90291f2e2.0"
    "@material/theme" "15.0.0-canary.90291f2e2.0"
    "@material/tokens" "15.0.0-canary.90291f2e2.0"
    "@material/typography" "15.0.0-canary.90291f2e2.0"
    tslib "^2.1.0"

"@material/menu-surface@15.0.0-canary.90291f2e2.0":
  version "15.0.0-canary.90291f2e2.0"
  resolved "https://registry.npmjs.org/@material/menu-surface/-/menu-surface-15.0.0-canary.90291f2e2.0.tgz"
  integrity sha512-AkRpOjFOJi2ROZPvFo1z8ik61eEyJEew8NuvlzCE4S3BX/RNFrYVh4W5ylo030S01ALCS5zhVOeekxa/4eokZA==
  dependencies:
    "@material/animation" "15.0.0-canary.90291f2e2.0"
    "@material/base" "15.0.0-canary.90291f2e2.0"
    "@material/elevation" "15.0.0-canary.90291f2e2.0"
    "@material/feature-targeting" "15.0.0-canary.90291f2e2.0"
    "@material/rtl" "15.0.0-canary.90291f2e2.0"
    "@material/shape" "15.0.0-canary.90291f2e2.0"
    "@material/theme" "15.0.0-canary.90291f2e2.0"
    tslib "^2.1.0"

"@material/menu@15.0.0-canary.90291f2e2.0":
  version "15.0.0-canary.90291f2e2.0"
  resolved "https://registry.npmjs.org/@material/menu/-/menu-15.0.0-canary.90291f2e2.0.tgz"
  integrity sha512-yfpBN4Hg59pHMNplh2LIe8t+/qsfyP0iRAtJoCK90SBwX43kv65u22+3vEJmYzm3Ey/m3S3YRFXTFQRQnn9cmA==
  dependencies:
    "@material/base" "15.0.0-canary.90291f2e2.0"
    "@material/dom" "15.0.0-canary.90291f2e2.0"
    "@material/elevation" "15.0.0-canary.90291f2e2.0"
    "@material/feature-targeting" "15.0.0-canary.90291f2e2.0"
    "@material/list" "15.0.0-canary.90291f2e2.0"
    "@material/menu-surface" "15.0.0-canary.90291f2e2.0"
    "@material/ripple" "15.0.0-canary.90291f2e2.0"
    "@material/rtl" "15.0.0-canary.90291f2e2.0"
    "@material/shape" "15.0.0-canary.90291f2e2.0"
    "@material/theme" "15.0.0-canary.90291f2e2.0"
    "@material/tokens" "15.0.0-canary.90291f2e2.0"
    tslib "^2.1.0"

"@material/notched-outline@15.0.0-canary.90291f2e2.0":
  version "15.0.0-canary.90291f2e2.0"
  resolved "https://registry.npmjs.org/@material/notched-outline/-/notched-outline-15.0.0-canary.90291f2e2.0.tgz"
  integrity sha512-4lpoIoFJ8cb++M1iQpZ+8iypUuTruzyBAkOvoaNjk7EftEV+aS3K6XntGNtlUZoB/fFho3mAUVjT19IHFWD03A==
  dependencies:
    "@material/base" "15.0.0-canary.90291f2e2.0"
    "@material/feature-targeting" "15.0.0-canary.90291f2e2.0"
    "@material/floating-label" "15.0.0-canary.90291f2e2.0"
    "@material/rtl" "15.0.0-canary.90291f2e2.0"
    "@material/shape" "15.0.0-canary.90291f2e2.0"
    "@material/theme" "15.0.0-canary.90291f2e2.0"
    tslib "^2.1.0"

"@material/progress-indicator@15.0.0-canary.90291f2e2.0":
  version "15.0.0-canary.90291f2e2.0"
  resolved "https://registry.npmjs.org/@material/progress-indicator/-/progress-indicator-15.0.0-canary.90291f2e2.0.tgz"
  integrity sha512-trQLSstZIA0C64adW/HycycD+PtMfg6iZCIVuTNlZr7PR2Yc1EjuGyA7ts+iXBHZ0TxVshRbDYMwcDogP0rc1w==
  dependencies:
    tslib "^2.1.0"

"@material/radio@15.0.0-canary.90291f2e2.0":
  version "15.0.0-canary.90291f2e2.0"
  resolved "https://registry.npmjs.org/@material/radio/-/radio-15.0.0-canary.90291f2e2.0.tgz"
  integrity sha512-Ypl4BZ9w1NdbiiEUV3Xw2pb97prMPGEE+5Lm719sVsaFmI4yCKgtsWNEbCbKixborh2ZDZWGCzgMyUQHf3a8xA==
  dependencies:
    "@material/animation" "15.0.0-canary.90291f2e2.0"
    "@material/base" "15.0.0-canary.90291f2e2.0"
    "@material/density" "15.0.0-canary.90291f2e2.0"
    "@material/dom" "15.0.0-canary.90291f2e2.0"
    "@material/feature-targeting" "15.0.0-canary.90291f2e2.0"
    "@material/focus-ring" "15.0.0-canary.90291f2e2.0"
    "@material/ripple" "15.0.0-canary.90291f2e2.0"
    "@material/theme" "15.0.0-canary.90291f2e2.0"
    "@material/touch-target" "15.0.0-canary.90291f2e2.0"
    tslib "^2.1.0"

"@material/ripple@15.0.0-canary.90291f2e2.0":
  version "15.0.0-canary.90291f2e2.0"
  resolved "https://registry.npmjs.org/@material/ripple/-/ripple-15.0.0-canary.90291f2e2.0.tgz"
  integrity sha512-8yCR/V+7SJ9om0cvAOULF/i5+gPQeT+cuPoCZJQRWq9IndfCmQPY3Zmy26reIT/zEyCebAvMG4/WtU4rc+jxyw==
  dependencies:
    "@material/animation" "15.0.0-canary.90291f2e2.0"
    "@material/base" "15.0.0-canary.90291f2e2.0"
    "@material/dom" "15.0.0-canary.90291f2e2.0"
    "@material/feature-targeting" "15.0.0-canary.90291f2e2.0"
    "@material/rtl" "15.0.0-canary.90291f2e2.0"
    "@material/theme" "15.0.0-canary.90291f2e2.0"
    tslib "^2.1.0"

"@material/rtl@15.0.0-canary.90291f2e2.0":
  version "15.0.0-canary.90291f2e2.0"
  resolved "https://registry.npmjs.org/@material/rtl/-/rtl-15.0.0-canary.90291f2e2.0.tgz"
  integrity sha512-HkUhD8K03BxWVw21WDViWo01Chi22cZ1rmlsdCtggkxdVjtDhTbYm/3XvRnxt4RVpr6KaYQgRXI/52T5RtBUnw==
  dependencies:
    "@material/theme" "15.0.0-canary.90291f2e2.0"
    tslib "^2.1.0"

"@material/segmented-button@15.0.0-canary.90291f2e2.0":
  version "15.0.0-canary.90291f2e2.0"
  resolved "https://registry.npmjs.org/@material/segmented-button/-/segmented-button-15.0.0-canary.90291f2e2.0.tgz"
  integrity sha512-u1DF+jbysX6wCqt7dDnHgEo2XhNrwkqHq6YsMOFVCoo54PHt3gpwhD89DONqQJKspkdvZuxYHzpqRtV0GIzYDQ==
  dependencies:
    "@material/base" "15.0.0-canary.90291f2e2.0"
    "@material/elevation" "15.0.0-canary.90291f2e2.0"
    "@material/feature-targeting" "15.0.0-canary.90291f2e2.0"
    "@material/ripple" "15.0.0-canary.90291f2e2.0"
    "@material/theme" "15.0.0-canary.90291f2e2.0"
    "@material/touch-target" "15.0.0-canary.90291f2e2.0"
    "@material/typography" "15.0.0-canary.90291f2e2.0"
    tslib "^2.1.0"

"@material/select@15.0.0-canary.90291f2e2.0":
  version "15.0.0-canary.90291f2e2.0"
  resolved "https://registry.npmjs.org/@material/select/-/select-15.0.0-canary.90291f2e2.0.tgz"
  integrity sha512-CCaftyi3eIJl2XqBfHbzj8W2jgTMBzSM2+q4WthA+7z0fYQI4JIHQVHO5YKQG5J9MR1VjYQ0Gy0GNotZLAcoOQ==
  dependencies:
    "@material/animation" "15.0.0-canary.90291f2e2.0"
    "@material/base" "15.0.0-canary.90291f2e2.0"
    "@material/density" "15.0.0-canary.90291f2e2.0"
    "@material/dom" "15.0.0-canary.90291f2e2.0"
    "@material/elevation" "15.0.0-canary.90291f2e2.0"
    "@material/feature-targeting" "15.0.0-canary.90291f2e2.0"
    "@material/floating-label" "15.0.0-canary.90291f2e2.0"
    "@material/line-ripple" "15.0.0-canary.90291f2e2.0"
    "@material/list" "15.0.0-canary.90291f2e2.0"
    "@material/menu" "15.0.0-canary.90291f2e2.0"
    "@material/menu-surface" "15.0.0-canary.90291f2e2.0"
    "@material/notched-outline" "15.0.0-canary.90291f2e2.0"
    "@material/ripple" "15.0.0-canary.90291f2e2.0"
    "@material/rtl" "15.0.0-canary.90291f2e2.0"
    "@material/shape" "15.0.0-canary.90291f2e2.0"
    "@material/theme" "15.0.0-canary.90291f2e2.0"
    "@material/tokens" "15.0.0-canary.90291f2e2.0"
    "@material/typography" "15.0.0-canary.90291f2e2.0"
    tslib "^2.1.0"

"@material/shape@15.0.0-canary.90291f2e2.0":
  version "15.0.0-canary.90291f2e2.0"
  resolved "https://registry.npmjs.org/@material/shape/-/shape-15.0.0-canary.90291f2e2.0.tgz"
  integrity sha512-UEB168x8ovLvH4eoBtRnoCT9QvnxB/ZMpOKW1+C+xWisis6Wy9AX0wKT5T6wIpffYYCaBJuhI+ExX2134rAxJw==
  dependencies:
    "@material/feature-targeting" "15.0.0-canary.90291f2e2.0"
    "@material/rtl" "15.0.0-canary.90291f2e2.0"
    "@material/theme" "15.0.0-canary.90291f2e2.0"
    tslib "^2.1.0"

"@material/slider@15.0.0-canary.90291f2e2.0":
  version "15.0.0-canary.90291f2e2.0"
  resolved "https://registry.npmjs.org/@material/slider/-/slider-15.0.0-canary.90291f2e2.0.tgz"
  integrity sha512-krbdGHcROlvnZ0X7HT0d+PvJummczeShQeWeV/ZezXnQM7bQoy86qfwtX4ai1dIXYkF9qKTFlta2zZezTJyf5g==
  dependencies:
    "@material/animation" "15.0.0-canary.90291f2e2.0"
    "@material/base" "15.0.0-canary.90291f2e2.0"
    "@material/dom" "15.0.0-canary.90291f2e2.0"
    "@material/elevation" "15.0.0-canary.90291f2e2.0"
    "@material/feature-targeting" "15.0.0-canary.90291f2e2.0"
    "@material/ripple" "15.0.0-canary.90291f2e2.0"
    "@material/rtl" "15.0.0-canary.90291f2e2.0"
    "@material/theme" "15.0.0-canary.90291f2e2.0"
    "@material/tokens" "15.0.0-canary.90291f2e2.0"
    "@material/typography" "15.0.0-canary.90291f2e2.0"
    tslib "^2.1.0"

"@material/snackbar@15.0.0-canary.90291f2e2.0":
  version "15.0.0-canary.90291f2e2.0"
  resolved "https://registry.npmjs.org/@material/snackbar/-/snackbar-15.0.0-canary.90291f2e2.0.tgz"
  integrity sha512-f1+HaSaAkALtQqEr6WMUqfwOsJr5nOUjP15GA+sTs9SD7yzwqMeWsVriBdWXVRe0zNgew6sfBM+cLjg2w4VAOQ==
  dependencies:
    "@material/animation" "15.0.0-canary.90291f2e2.0"
    "@material/base" "15.0.0-canary.90291f2e2.0"
    "@material/button" "15.0.0-canary.90291f2e2.0"
    "@material/dom" "15.0.0-canary.90291f2e2.0"
    "@material/elevation" "15.0.0-canary.90291f2e2.0"
    "@material/feature-targeting" "15.0.0-canary.90291f2e2.0"
    "@material/icon-button" "15.0.0-canary.90291f2e2.0"
    "@material/ripple" "15.0.0-canary.90291f2e2.0"
    "@material/rtl" "15.0.0-canary.90291f2e2.0"
    "@material/shape" "15.0.0-canary.90291f2e2.0"
    "@material/theme" "15.0.0-canary.90291f2e2.0"
    "@material/tokens" "15.0.0-canary.90291f2e2.0"
    "@material/typography" "15.0.0-canary.90291f2e2.0"
    tslib "^2.1.0"

"@material/switch@15.0.0-canary.90291f2e2.0":
  version "15.0.0-canary.90291f2e2.0"
  resolved "https://registry.npmjs.org/@material/switch/-/switch-15.0.0-canary.90291f2e2.0.tgz"
  integrity sha512-94/+Zp2VjlLVJXY7u8VHPcJMHPRVNAwHydiGrKvnJ+6LfbLxAcILNBP9RVKqqqOWQeDxB4ApUl+0TV2Lj6mOzA==
  dependencies:
    "@material/animation" "15.0.0-canary.90291f2e2.0"
    "@material/base" "15.0.0-canary.90291f2e2.0"
    "@material/density" "15.0.0-canary.90291f2e2.0"
    "@material/dom" "15.0.0-canary.90291f2e2.0"
    "@material/elevation" "15.0.0-canary.90291f2e2.0"
    "@material/feature-targeting" "15.0.0-canary.90291f2e2.0"
    "@material/focus-ring" "15.0.0-canary.90291f2e2.0"
    "@material/ripple" "15.0.0-canary.90291f2e2.0"
    "@material/rtl" "15.0.0-canary.90291f2e2.0"
    "@material/shape" "15.0.0-canary.90291f2e2.0"
    "@material/theme" "15.0.0-canary.90291f2e2.0"
    "@material/tokens" "15.0.0-canary.90291f2e2.0"
    safevalues "^0.3.4"
    tslib "^2.1.0"

"@material/tab-bar@15.0.0-canary.90291f2e2.0":
  version "15.0.0-canary.90291f2e2.0"
  resolved "https://registry.npmjs.org/@material/tab-bar/-/tab-bar-15.0.0-canary.90291f2e2.0.tgz"
  integrity sha512-dTC7oGZg6KuDK2OXO7luJWqshtNY2YgImwZbQ9a1vZZrIGMRHdu+ZtP6RVH2srFVlNIWjzcxfLgNrG+U027RdA==
  dependencies:
    "@material/animation" "15.0.0-canary.90291f2e2.0"
    "@material/base" "15.0.0-canary.90291f2e2.0"
    "@material/density" "15.0.0-canary.90291f2e2.0"
    "@material/elevation" "15.0.0-canary.90291f2e2.0"
    "@material/feature-targeting" "15.0.0-canary.90291f2e2.0"
    "@material/tab" "15.0.0-canary.90291f2e2.0"
    "@material/tab-indicator" "15.0.0-canary.90291f2e2.0"
    "@material/tab-scroller" "15.0.0-canary.90291f2e2.0"
    "@material/theme" "15.0.0-canary.90291f2e2.0"
    "@material/tokens" "15.0.0-canary.90291f2e2.0"
    "@material/typography" "15.0.0-canary.90291f2e2.0"
    tslib "^2.1.0"

"@material/tab-indicator@15.0.0-canary.90291f2e2.0":
  version "15.0.0-canary.90291f2e2.0"
  resolved "https://registry.npmjs.org/@material/tab-indicator/-/tab-indicator-15.0.0-canary.90291f2e2.0.tgz"
  integrity sha512-GXdFO6rO1crXcj+todijzZQVACW4EC72XwLAl6z69TKBgZrhwCoZ6RgzX6vIXSs+KoZ0eIyQLr+yQQx1JjDd4w==
  dependencies:
    "@material/animation" "15.0.0-canary.90291f2e2.0"
    "@material/base" "15.0.0-canary.90291f2e2.0"
    "@material/feature-targeting" "15.0.0-canary.90291f2e2.0"
    "@material/theme" "15.0.0-canary.90291f2e2.0"
    tslib "^2.1.0"

"@material/tab-scroller@15.0.0-canary.90291f2e2.0":
  version "15.0.0-canary.90291f2e2.0"
  resolved "https://registry.npmjs.org/@material/tab-scroller/-/tab-scroller-15.0.0-canary.90291f2e2.0.tgz"
  integrity sha512-R6trOZpkfk54VV0w0NjMMDcZPQgbnARxCoHLrWeSzv5KOMoiDyWji7FFpLc4fynX/F2lNg8xHpEolpugNRW/1g==
  dependencies:
    "@material/animation" "15.0.0-canary.90291f2e2.0"
    "@material/base" "15.0.0-canary.90291f2e2.0"
    "@material/dom" "15.0.0-canary.90291f2e2.0"
    "@material/feature-targeting" "15.0.0-canary.90291f2e2.0"
    "@material/tab" "15.0.0-canary.90291f2e2.0"
    tslib "^2.1.0"

"@material/tab@15.0.0-canary.90291f2e2.0":
  version "15.0.0-canary.90291f2e2.0"
  resolved "https://registry.npmjs.org/@material/tab/-/tab-15.0.0-canary.90291f2e2.0.tgz"
  integrity sha512-zju6UP038Ddi3XAfliYy58A3OvkQ+zSlOdNOd5l82oMArLYEFi3t51QTjKVjV1wokr6ZQ3Chs4kcrgwVTElYtg==
  dependencies:
    "@material/base" "15.0.0-canary.90291f2e2.0"
    "@material/elevation" "15.0.0-canary.90291f2e2.0"
    "@material/feature-targeting" "15.0.0-canary.90291f2e2.0"
    "@material/focus-ring" "15.0.0-canary.90291f2e2.0"
    "@material/ripple" "15.0.0-canary.90291f2e2.0"
    "@material/rtl" "15.0.0-canary.90291f2e2.0"
    "@material/tab-indicator" "15.0.0-canary.90291f2e2.0"
    "@material/theme" "15.0.0-canary.90291f2e2.0"
    "@material/tokens" "15.0.0-canary.90291f2e2.0"
    "@material/typography" "15.0.0-canary.90291f2e2.0"
    tslib "^2.1.0"

"@material/textfield@15.0.0-canary.90291f2e2.0":
  version "15.0.0-canary.90291f2e2.0"
  resolved "https://registry.npmjs.org/@material/textfield/-/textfield-15.0.0-canary.90291f2e2.0.tgz"
  integrity sha512-ipxPH8DRh9+cn4MOtAYvGsRLP5RJH/gB/BWh/BiJwjI38Djt4FK4LDHbx7fFo/C8hoj7UNs/BWaSLllyxuWKcg==
  dependencies:
    "@material/animation" "15.0.0-canary.90291f2e2.0"
    "@material/base" "15.0.0-canary.90291f2e2.0"
    "@material/density" "15.0.0-canary.90291f2e2.0"
    "@material/dom" "15.0.0-canary.90291f2e2.0"
    "@material/feature-targeting" "15.0.0-canary.90291f2e2.0"
    "@material/floating-label" "15.0.0-canary.90291f2e2.0"
    "@material/line-ripple" "15.0.0-canary.90291f2e2.0"
    "@material/notched-outline" "15.0.0-canary.90291f2e2.0"
    "@material/ripple" "15.0.0-canary.90291f2e2.0"
    "@material/rtl" "15.0.0-canary.90291f2e2.0"
    "@material/shape" "15.0.0-canary.90291f2e2.0"
    "@material/theme" "15.0.0-canary.90291f2e2.0"
    "@material/tokens" "15.0.0-canary.90291f2e2.0"
    "@material/typography" "15.0.0-canary.90291f2e2.0"
    tslib "^2.1.0"

"@material/theme@15.0.0-canary.90291f2e2.0":
  version "15.0.0-canary.90291f2e2.0"
  resolved "https://registry.npmjs.org/@material/theme/-/theme-15.0.0-canary.90291f2e2.0.tgz"
  integrity sha512-rDSZ0bPoJothI8nRPQWB4Cyu7DTmc8qIuvFm3OOD4uI/2n+yIFqktS6X+6YF82LeKt4uMTZE+Ce/l51bb8UJGA==
  dependencies:
    "@material/feature-targeting" "15.0.0-canary.90291f2e2.0"
    tslib "^2.1.0"

"@material/tokens@15.0.0-canary.90291f2e2.0":
  version "15.0.0-canary.90291f2e2.0"
  resolved "https://registry.npmjs.org/@material/tokens/-/tokens-15.0.0-canary.90291f2e2.0.tgz"
  integrity sha512-ZTis8UeSRrm/4iQ6BujtcTf1J2bs2H+SAEnugtZSQiX8pyf90gQvylEoTuMPdUs1+YJ273cn04ipHdkq3OHaew==
  dependencies:
    "@material/elevation" "15.0.0-canary.90291f2e2.0"

"@material/tooltip@15.0.0-canary.90291f2e2.0":
  version "15.0.0-canary.90291f2e2.0"
  resolved "https://registry.npmjs.org/@material/tooltip/-/tooltip-15.0.0-canary.90291f2e2.0.tgz"
  integrity sha512-H3XsrctgRriNwt++NN+Zy6/JhyRznWo2pXiTFnOlaYwHOiGIFCNZR0A/0vf/3Kpf0GYhTfkJEFJMosUSZidSDg==
  dependencies:
    "@material/animation" "15.0.0-canary.90291f2e2.0"
    "@material/base" "15.0.0-canary.90291f2e2.0"
    "@material/button" "15.0.0-canary.90291f2e2.0"
    "@material/dom" "15.0.0-canary.90291f2e2.0"
    "@material/elevation" "15.0.0-canary.90291f2e2.0"
    "@material/feature-targeting" "15.0.0-canary.90291f2e2.0"
    "@material/rtl" "15.0.0-canary.90291f2e2.0"
    "@material/shape" "15.0.0-canary.90291f2e2.0"
    "@material/theme" "15.0.0-canary.90291f2e2.0"
    "@material/tokens" "15.0.0-canary.90291f2e2.0"
    "@material/typography" "15.0.0-canary.90291f2e2.0"
    safevalues "^0.3.4"
    tslib "^2.1.0"

"@material/top-app-bar@15.0.0-canary.90291f2e2.0":
  version "15.0.0-canary.90291f2e2.0"
  resolved "https://registry.npmjs.org/@material/top-app-bar/-/top-app-bar-15.0.0-canary.90291f2e2.0.tgz"
  integrity sha512-ZiJjK4WpIsE0MZTWokP9r4C9/oDqzUhKRn3ef2WCeJEIU3Vjg4t0xBTnST2vIrcBGw1s7WP1gfaxb3DSXSxzpw==
  dependencies:
    "@material/animation" "15.0.0-canary.90291f2e2.0"
    "@material/base" "15.0.0-canary.90291f2e2.0"
    "@material/elevation" "15.0.0-canary.90291f2e2.0"
    "@material/ripple" "15.0.0-canary.90291f2e2.0"
    "@material/rtl" "15.0.0-canary.90291f2e2.0"
    "@material/shape" "15.0.0-canary.90291f2e2.0"
    "@material/theme" "15.0.0-canary.90291f2e2.0"
    "@material/typography" "15.0.0-canary.90291f2e2.0"
    tslib "^2.1.0"

"@material/touch-target@15.0.0-canary.90291f2e2.0":
  version "15.0.0-canary.90291f2e2.0"
  resolved "https://registry.npmjs.org/@material/touch-target/-/touch-target-15.0.0-canary.90291f2e2.0.tgz"
  integrity sha512-IpRFf4umZ4ZNxrP+qJkRY9syh7TFZmU4c7EbAlANAJ0/8rlkEo7WJiqa9P1p4nFaT4eMo4n5g+qRI0Dkb9zW5g==
  dependencies:
    "@material/base" "15.0.0-canary.90291f2e2.0"
    "@material/feature-targeting" "15.0.0-canary.90291f2e2.0"
    "@material/rtl" "15.0.0-canary.90291f2e2.0"
    "@material/theme" "15.0.0-canary.90291f2e2.0"
    tslib "^2.1.0"

"@material/typography@15.0.0-canary.90291f2e2.0":
  version "15.0.0-canary.90291f2e2.0"
  resolved "https://registry.npmjs.org/@material/typography/-/typography-15.0.0-canary.90291f2e2.0.tgz"
  integrity sha512-tv1HWkJYi5T0470k8vbBb+nefdPgsaIO04ocWMf7luvmfE+MZIaR13RxdupLJ4k5otrdydL3/wEaCNhQ+Ipnvw==
  dependencies:
    "@material/feature-targeting" "15.0.0-canary.90291f2e2.0"
    "@material/theme" "15.0.0-canary.90291f2e2.0"
    tslib "^2.1.0"

rt-define-stroke-width@^1.0.1:
  version "1.0.1"
  resolved "https://registry.yarnpkg.com/rt-define-stroke-width/-/rt-define-stroke-width-1.0.1.tgz#7b7a624d82f2fb1d866845f0fb806a187daae371"
  integrity sha512-AA6J6DwBZoq+KCKYiymSvsXrXXsk5CpJa0SD3pdEAejSq47r+VFS5Su7FqA1fCfHQswud0O/pVm5gSUn7OUWeQ==
  dependencies:
    tslib "^2.3.0"

safevalues@^0.3.4:
  version "0.3.4"
  resolved "https://registry.npmjs.org/safevalues/-/safevalues-0.3.4.tgz"
  integrity sha512-LRneZZRXNgjzwG4bDQdOTSbze3fHm1EAKN/8bePxnlEZiBmkYEDggaHbuvHI9/hoqHbGfsEA7tWS9GhYHZBBsw==

tslib@^2.1.0, tslib@^2.3.0:
  version "2.5.3"
  resolved "https://registry.npmjs.org/tslib/-/tslib-2.5.3.tgz"
  integrity sha512-mSxlJJwl3BMEQCUNnxXBU9jP4JBktcEGhURcPR6VQVlnP0FdDEsIaz0C35dXNGLyRfrATNofF0F5p2KPxQgB+w==
